// !$*UTF8*$!
{
	archiveVersion = 1;
	classes = {
	};
	objectVersion = 46;
	objects = {

/* Begin PBXBuildFile section */
		3FA4778818758D860097D1A8 /* Foundation.framework in Frameworks */ = {isa = PBXBuildFile; fileRef = 3FA4778718758D860097D1A8 /* Foundation.framework */; };
		3FA4778A18758D860097D1A8 /* CoreGraphics.framework in Frameworks */ = {isa = PBXBuildFile; fileRef = 3FA4778918758D860097D1A8 /* CoreGraphics.framework */; };
		3FA4778C18758D860097D1A8 /* UIKit.framework in Frameworks */ = {isa = PBXBuildFile; fileRef = 3FA4778B18758D860097D1A8 /* UIKit.framework */; };
		3FA4779218758D860097D1A8 /* InfoPlist.strings in Resources */ = {isa = PBXBuildFile; fileRef = 3FA4779018758D860097D1A8 /* InfoPlist.strings */; };
		3FA4779418758D860097D1A8 /* main.m in Sources */ = {isa = PBXBuildFile; fileRef = 3FA4779318758D860097D1A8 /* main.m */; };
		3FA4779818758D860097D1A8 /* AppDelegate.m in Sources */ = {isa = PBXBuildFile; fileRef = 3FA4779718758D860097D1A8 /* AppDelegate.m */; };
		3FA4779B18758D860097D1A8 /* Main.storyboard in Resources */ = {isa = PBXBuildFile; fileRef = 3FA4779918758D860097D1A8 /* Main.storyboard */; };
		3FA4779E18758D860097D1A8 /* ViewController.m in Sources */ = {isa = PBXBuildFile; fileRef = 3FA4779D18758D860097D1A8 /* ViewController.m */; };
		3FA477A018758D860097D1A8 /* Images.xcassets in Resources */ = {isa = PBXBuildFile; fileRef = 3FA4779F18758D860097D1A8 /* Images.xcassets */; };
		3FA477A718758D860097D1A8 /* XCTest.framework in Frameworks */ = {isa = PBXBuildFile; fileRef = 3FA477A618758D860097D1A8 /* XCTest.framework */; };
		3FA477A818758D860097D1A8 /* Foundation.framework in Frameworks */ = {isa = PBXBuildFile; fileRef = 3FA4778718758D860097D1A8 /* Foundation.framework */; };
		3FA477A918758D860097D1A8 /* UIKit.framework in Frameworks */ = {isa = PBXBuildFile; fileRef = 3FA4778B18758D860097D1A8 /* UIKit.framework */; };
		3FA477B118758D860097D1A8 /* InfoPlist.strings in Resources */ = {isa = PBXBuildFile; fileRef = 3FA477AF18758D860097D1A8 /* InfoPlist.strings */; };
		3FA477B318758D860097D1A8 /* PickADateTests.m in Sources */ = {isa = PBXBuildFile; fileRef = 3FA477B218758D860097D1A8 /* PickADateTests.m */; };
/* End PBXBuildFile section */

/* Begin PBXContainerItemProxy section */
		3FA477AA18758D860097D1A8 /* PBXContainerItemProxy */ = {
			isa = PBXContainerItemProxy;
			containerPortal = 3FA4777C18758D860097D1A8 /* Project object */;
			proxyType = 1;
			remoteGlobalIDString = 3FA4778318758D860097D1A8;
			remoteInfo = PickADate;
		};
/* End PBXContainerItemProxy section */

/* Begin PBXFileReference section */
		3FA4778418758D860097D1A8 /* PickADate.app */ = {isa = PBXFileReference; explicitFileType = wrapper.application; includeInIndex = 0; path = PickADate.app; sourceTree = BUILT_PRODUCTS_DIR; };
		3FA4778718758D860097D1A8 /* Foundation.framework */ = {isa = PBXFileReference; lastKnownFileType = wrapper.framework; name = Foundation.framework; path = System/Library/Frameworks/Foundation.framework; sourceTree = SDKROOT; };
		3FA4778918758D860097D1A8 /* CoreGraphics.framework */ = {isa = PBXFileReference; lastKnownFileType = wrapper.framework; name = CoreGraphics.framework; path = System/Library/Frameworks/CoreGraphics.framework; sourceTree = SDKROOT; };
		3FA4778B18758D860097D1A8 /* UIKit.framework */ = {isa = PBXFileReference; lastKnownFileType = wrapper.framework; name = UIKit.framework; path = System/Library/Frameworks/UIKit.framework; sourceTree = SDKROOT; };
		3FA4778F18758D860097D1A8 /* PickADate-Info.plist */ = {isa = PBXFileReference; lastKnownFileType = text.plist.xml; path = "PickADate-Info.plist"; sourceTree = "<group>"; };
		3FA4779118758D860097D1A8 /* en */ = {isa = PBXFileReference; lastKnownFileType = text.plist.strings; name = en; path = en.lproj/InfoPlist.strings; sourceTree = "<group>"; };
		3FA4779318758D860097D1A8 /* main.m */ = {isa = PBXFileReference; lastKnownFileType = sourcecode.c.objc; path = main.m; sourceTree = "<group>"; };
		3FA4779518758D860097D1A8 /* PickADate-Prefix.pch */ = {isa = PBXFileReference; lastKnownFileType = sourcecode.c.h; path = "PickADate-Prefix.pch"; sourceTree = "<group>"; };
		3FA4779618758D860097D1A8 /* AppDelegate.h */ = {isa = PBXFileReference; lastKnownFileType = sourcecode.c.h; path = AppDelegate.h; sourceTree = "<group>"; };
		3FA4779718758D860097D1A8 /* AppDelegate.m */ = {isa = PBXFileReference; lastKnownFileType = sourcecode.c.objc; path = AppDelegate.m; sourceTree = "<group>"; };
		3FA4779A18758D860097D1A8 /* Base */ = {isa = PBXFileReference; lastKnownFileType = file.storyboard; name = Base; path = Base.lproj/Main.storyboard; sourceTree = "<group>"; };
		3FA4779C18758D860097D1A8 /* ViewController.h */ = {isa = PBXFileReference; lastKnownFileType = sourcecode.c.h; path = ViewController.h; sourceTree = "<group>"; };
		3FA4779D18758D860097D1A8 /* ViewController.m */ = {isa = PBXFileReference; lastKnownFileType = sourcecode.c.objc; path = ViewController.m; sourceTree = "<group>"; };
		3FA4779F18758D860097D1A8 /* Images.xcassets */ = {isa = PBXFileReference; lastKnownFileType = folder.assetcatalog; path = Images.xcassets; sourceTree = "<group>"; };
		3FA477A518758D860097D1A8 /* PickADateTests.xctest */ = {isa = PBXFileReference; explicitFileType = wrapper.cfbundle; includeInIndex = 0; path = PickADateTests.xctest; sourceTree = BUILT_PRODUCTS_DIR; };
		3FA477A618758D860097D1A8 /* XCTest.framework */ = {isa = PBXFileReference; lastKnownFileType = wrapper.framework; name = XCTest.framework; path = Library/Frameworks/XCTest.framework; sourceTree = DEVELOPER_DIR; };
		3FA477AE18758D860097D1A8 /* PickADateTests-Info.plist */ = {isa = PBXFileReference; lastKnownFileType = text.plist.xml; path = "PickADateTests-Info.plist"; sourceTree = "<group>"; };
		3FA477B018758D860097D1A8 /* en */ = {isa = PBXFileReference; lastKnownFileType = text.plist.strings; name = en; path = en.lproj/InfoPlist.strings; sourceTree = "<group>"; };
		3FA477B218758D860097D1A8 /* PickADateTests.m */ = {isa = PBXFileReference; lastKnownFileType = sourcecode.c.objc; path = PickADateTests.m; sourceTree = "<group>"; };
/* End PBXFileReference section */

/* Begin PBXFrameworksBuildPhase section */
		3FA4778118758D860097D1A8 /* Frameworks */ = {
			isa = PBXFrameworksBuildPhase;
			buildActionMask = 2147483647;
			files = (
				3FA4778A18758D860097D1A8 /* CoreGraphics.framework in Frameworks */,
				3FA4778C18758D860097D1A8 /* UIKit.framework in Frameworks */,
				3FA4778818758D860097D1A8 /* Foundation.framework in Frameworks */,
			);
			runOnlyForDeploymentPostprocessing = 0;
		};
		3FA477A218758D860097D1A8 /* Frameworks */ = {
			isa = PBXFrameworksBuildPhase;
			buildActionMask = 2147483647;
			files = (
				3FA477A718758D860097D1A8 /* XCTest.framework in Frameworks */,
				3FA477A918758D860097D1A8 /* UIKit.framework in Frameworks */,
				3FA477A818758D860097D1A8 /* Foundation.framework in Frameworks */,
			);
			runOnlyForDeploymentPostprocessing = 0;
		};
/* End PBXFrameworksBuildPhase section */

/* Begin PBXGroup section */
		3FA4777B18758D860097D1A8 = {
			isa = PBXGroup;
			children = (
				3FA4778D18758D860097D1A8 /* PickADate */,
				3FA477AC18758D860097D1A8 /* PickADateTests */,
				3FA4778618758D860097D1A8 /* Frameworks */,
				3FA4778518758D860097D1A8 /* Products */,
			);
			sourceTree = "<group>";
		};
		3FA4778518758D860097D1A8 /* Products */ = {
			isa = PBXGroup;
			children = (
				3FA4778418758D860097D1A8 /* PickADate.app */,
				3FA477A518758D860097D1A8 /* PickADateTests.xctest */,
			);
			name = Products;
			sourceTree = "<group>";
		};
		3FA4778618758D860097D1A8 /* Frameworks */ = {
			isa = PBXGroup;
			children = (
				3FA4778718758D860097D1A8 /* Foundation.framework */,
				3FA4778918758D860097D1A8 /* CoreGraphics.framework */,
				3FA4778B18758D860097D1A8 /* UIKit.framework */,
				3FA477A618758D860097D1A8 /* XCTest.framework */,
			);
			name = Frameworks;
			sourceTree = "<group>";
		};
		3FA4778D18758D860097D1A8 /* PickADate */ = {
			isa = PBXGroup;
			children = (
				3FA4779618758D860097D1A8 /* AppDelegate.h */,
				3FA4779718758D860097D1A8 /* AppDelegate.m */,
				3FA4779918758D860097D1A8 /* Main.storyboard */,
				3FA4779C18758D860097D1A8 /* ViewController.h */,
				3FA4779D18758D860097D1A8 /* ViewController.m */,
				3FA4779F18758D860097D1A8 /* Images.xcassets */,
				3FA4778E18758D860097D1A8 /* Supporting Files */,
			);
			path = PickADate;
			sourceTree = "<group>";
		};
		3FA4778E18758D860097D1A8 /* Supporting Files */ = {
			isa = PBXGroup;
			children = (
				3FA4778F18758D860097D1A8 /* PickADate-Info.plist */,
				3FA4779018758D860097D1A8 /* InfoPlist.strings */,
				3FA4779318758D860097D1A8 /* main.m */,
				3FA4779518758D860097D1A8 /* PickADate-Prefix.pch */,
			);
			name = "Supporting Files";
			sourceTree = "<group>";
		};
		3FA477AC18758D860097D1A8 /* PickADateTests */ = {
			isa = PBXGroup;
			children = (
				3FA477B218758D860097D1A8 /* PickADateTests.m */,
				3FA477AD18758D860097D1A8 /* Supporting Files */,
			);
			path = PickADateTests;
			sourceTree = "<group>";
		};
		3FA477AD18758D860097D1A8 /* Supporting Files */ = {
			isa = PBXGroup;
			children = (
				3FA477AE18758D860097D1A8 /* PickADateTests-Info.plist */,
				3FA477AF18758D860097D1A8 /* InfoPlist.strings */,
			);
			name = "Supporting Files";
			sourceTree = "<group>";
		};
/* End PBXGroup section */

/* Begin PBXNativeTarget section */
		3FA4778318758D860097D1A8 /* PickADate */ = {
			isa = PBXNativeTarget;
			buildConfigurationList = 3FA477B618758D860097D1A8 /* Build configuration list for PBXNativeTarget "PickADate" */;
			buildPhases = (
				3FA4778018758D860097D1A8 /* Sources */,
				3FA4778118758D860097D1A8 /* Frameworks */,
				3FA4778218758D860097D1A8 /* Resources */,
			);
			buildRules = (
			);
			dependencies = (
			);
			name = PickADate;
			productName = PickADate;
			productReference = 3FA4778418758D860097D1A8 /* PickADate.app */;
			productType = "com.apple.product-type.application";
		};
		3FA477A418758D860097D1A8 /* PickADateTests */ = {
			isa = PBXNativeTarget;
			buildConfigurationList = 3FA477B918758D860097D1A8 /* Build configuration list for PBXNativeTarget "PickADateTests" */;
			buildPhases = (
				3FA477A118758D860097D1A8 /* Sources */,
				3FA477A218758D860097D1A8 /* Frameworks */,
				3FA477A318758D860097D1A8 /* Resources */,
			);
			buildRules = (
			);
			dependencies = (
				3FA477AB18758D860097D1A8 /* PBXTargetDependency */,
			);
			name = PickADateTests;
			productName = PickADateTests;
			productReference = 3FA477A518758D860097D1A8 /* PickADateTests.xctest */;
			productType = "com.apple.product-type.bundle.unit-test";
		};
/* End PBXNativeTarget section */

/* Begin PBXProject section */
		3FA4777C18758D860097D1A8 /* Project object */ = {
			isa = PBXProject;
			attributes = {
				LastUpgradeCheck = 0500;
				ORGANIZATIONNAME = mokagio;
				TargetAttributes = {
					3FA477A418758D860097D1A8 = {
						TestTargetID = 3FA4778318758D860097D1A8;
					};
				};
			};
			buildConfigurationList = 3FA4777F18758D860097D1A8 /* Build configuration list for PBXProject "PickADate" */;
			compatibilityVersion = "Xcode 3.2";
			developmentRegion = English;
			hasScannedForEncodings = 0;
			knownRegions = (
				en,
				Base,
			);
			mainGroup = 3FA4777B18758D860097D1A8;
			productRefGroup = 3FA4778518758D860097D1A8 /* Products */;
			projectDirPath = "";
			projectRoot = "";
			targets = (
				3FA4778318758D860097D1A8 /* PickADate */,
				3FA477A418758D860097D1A8 /* PickADateTests */,
			);
		};
/* End PBXProject section */

/* Begin PBXResourcesBuildPhase section */
		3FA4778218758D860097D1A8 /* Resources */ = {
			isa = PBXResourcesBuildPhase;
			buildActionMask = 2147483647;
			files = (
				3FA477A018758D860097D1A8 /* Images.xcassets in Resources */,
				3FA4779218758D860097D1A8 /* InfoPlist.strings in Resources */,
				3FA4779B18758D860097D1A8 /* Main.storyboard in Resources */,
			);
			runOnlyForDeploymentPostprocessing = 0;
		};
		3FA477A318758D860097D1A8 /* Resources */ = {
			isa = PBXResourcesBuildPhase;
			buildActionMask = 2147483647;
			files = (
				3FA477B118758D860097D1A8 /* InfoPlist.strings in Resources */,
			);
			runOnlyForDeploymentPostprocessing = 0;
		};
/* End PBXResourcesBuildPhase section */

/* Begin PBXSourcesBuildPhase section */
		3FA4778018758D860097D1A8 /* Sources */ = {
			isa = PBXSourcesBuildPhase;
			buildActionMask = 2147483647;
			files = (
				3FA4779E18758D860097D1A8 /* ViewController.m in Sources */,
				3FA4779818758D860097D1A8 /* AppDelegate.m in Sources */,
				3FA4779418758D860097D1A8 /* main.m in Sources */,
			);
			runOnlyForDeploymentPostprocessing = 0;
		};
		3FA477A118758D860097D1A8 /* Sources */ = {
			isa = PBXSourcesBuildPhase;
			buildActionMask = 2147483647;
			files = (
				3FA477B318758D860097D1A8 /* PickADateTests.m in Sources */,
			);
			runOnlyForDeploymentPostprocessing = 0;
		};
/* End PBXSourcesBuildPhase section */

/* Begin PBXTargetDependency section */
		3FA477AB18758D860097D1A8 /* PBXTargetDependency */ = {
			isa = PBXTargetDependency;
			target = 3FA4778318758D860097D1A8 /* PickADate */;
			targetProxy = 3FA477AA18758D860097D1A8 /* PBXContainerItemProxy */;
		};
/* End PBXTargetDependency section */

/* Begin PBXVariantGroup section */
		3FA4779018758D860097D1A8 /* InfoPlist.strings */ = {
			isa = PBXVariantGroup;
			children = (
				3FA4779118758D860097D1A8 /* en */,
			);
			name = InfoPlist.strings;
			sourceTree = "<group>";
		};
		3FA4779918758D860097D1A8 /* Main.storyboard */ = {
			isa = PBXVariantGroup;
			children = (
				3FA4779A18758D860097D1A8 /* Base */,
			);
			name = Main.storyboard;
			sourceTree = "<group>";
		};
		3FA477AF18758D860097D1A8 /* InfoPlist.strings */ = {
			isa = PBXVariantGroup;
			children = (
				3FA477B018758D860097D1A8 /* en */,
			);
			name = InfoPlist.strings;
			sourceTree = "<group>";
		};
/* End PBXVariantGroup section */

/* Begin XCBuildConfiguration section */
		3FA477B418758D860097D1A8 /* Debug */ = {
			isa = XCBuildConfiguration;
			buildSettings = {
				ALWAYS_SEARCH_USER_PATHS = NO;
				ARCHS = "$(ARCHS_STANDARD_INCLUDING_64_BIT)";
				CLANG_CXX_LANGUAGE_STANDARD = "gnu++0x";
				CLANG_CXX_LIBRARY = "libc++";
				CLANG_ENABLE_MODULES = YES;
				CLANG_ENABLE_OBJC_ARC = YES;
				CLANG_WARN_BOOL_CONVERSION = YES;
				CLANG_WARN_CONSTANT_CONVERSION = YES;
				CLANG_WARN_DIRECT_OBJC_ISA_USAGE = YES_ERROR;
				CLANG_WARN_EMPTY_BODY = YES;
				CLANG_WARN_ENUM_CONVERSION = YES;
				CLANG_WARN_INT_CONVERSION = YES;
				CLANG_WARN_OBJC_ROOT_CLASS = YES_ERROR;
				CLANG_WARN__DUPLICATE_METHOD_MATCH = YES;
				"CODE_SIGN_IDENTITY[sdk=iphoneos*]" = "iPhone Developer";
				COPY_PHASE_STRIP = NO;
				GCC_C_LANGUAGE_STANDARD = gnu99;
				GCC_DYNAMIC_NO_PIC = NO;
				GCC_OPTIMIZATION_LEVEL = 0;
				GCC_PREPROCESSOR_DEFINITIONS = (
					"DEBUG=1",
					"$(inherited)",
				);
				GCC_SYMBOLS_PRIVATE_EXTERN = NO;
				GCC_WARN_64_TO_32_BIT_CONVERSION = YES;
				GCC_WARN_ABOUT_RETURN_TYPE = YES_ERROR;
				GCC_WARN_UNDECLARED_SELECTOR = YES;
				GCC_WARN_UNINITIALIZED_AUTOS = YES;
				GCC_WARN_UNUSED_FUNCTION = YES;
				GCC_WARN_UNUSED_VARIABLE = YES;
				IPHONEOS_DEPLOYMENT_TARGET = 7.0;
				ONLY_ACTIVE_ARCH = YES;
				SDKROOT = iphoneos;
			};
			name = Debug;
		};
		3FA477B518758D860097D1A8 /* Release */ = {
			isa = XCBuildConfiguration;
			buildSettings = {
				ALWAYS_SEARCH_USER_PATHS = NO;
				ARCHS = "$(ARCHS_STANDARD_INCLUDING_64_BIT)";
				CLANG_CXX_LANGUAGE_STANDARD = "gnu++0x";
				CLANG_CXX_LIBRARY = "libc++";
				CLANG_ENABLE_MODULES = YES;
				CLANG_ENABLE_OBJC_ARC = YES;
				CLANG_WARN_BOOL_CONVERSION = YES;
				CLANG_WARN_CONSTANT_CONVERSION = YES;
				CLANG_WARN_DIRECT_OBJC_ISA_USAGE = YES_ERROR;
				CLANG_WARN_EMPTY_BODY = YES;
				CLANG_WARN_ENUM_CONVERSION = YES;
				CLANG_WARN_INT_CONVERSION = YES;
				CLANG_WARN_OBJC_ROOT_CLASS = YES_ERROR;
				CLANG_WARN__DUPLICATE_METHOD_MATCH = YES;
				"CODE_SIGN_IDENTITY[sdk=iphoneos*]" = "iPhone Developer";
				COPY_PHASE_STRIP = YES;
				ENABLE_NS_ASSERTIONS = NO;
				GCC_C_LANGUAGE_STANDARD = gnu99;
				GCC_WARN_64_TO_32_BIT_CONVERSION = YES;
				GCC_WARN_ABOUT_RETURN_TYPE = YES_ERROR;
				GCC_WARN_UNDECLARED_SELECTOR = YES;
				GCC_WARN_UNINITIALIZED_AUTOS = YES;
				GCC_WARN_UNUSED_FUNCTION = YES;
				GCC_WARN_UNUSED_VARIABLE = YES;
				IPHONEOS_DEPLOYMENT_TARGET = 7.0;
				SDKROOT = iphoneos;
				VALIDATE_PRODUCT = YES;
			};
			name = Release;
		};
		3FA477B718758D860097D1A8 /* Debug */ = {
			isa = XCBuildConfiguration;
			buildSettings = {
				ASSETCATALOG_COMPILER_APPICON_NAME = AppIcon;
				ASSETCATALOG_COMPILER_LAUNCHIMAGE_NAME = LaunchImage;
				GCC_PRECOMPILE_PREFIX_HEADER = YES;
				GCC_PREFIX_HEADER = "PickADate/PickADate-Prefix.pch";
				INFOPLIST_FILE = "PickADate/PickADate-Info.plist";
				PRODUCT_NAME = "$(TARGET_NAME)";
				WRAPPER_EXTENSION = app;
			};
			name = Debug;
		};
		3FA477B818758D860097D1A8 /* Release */ = {
			isa = XCBuildConfiguration;
			buildSettings = {
				ASSETCATALOG_COMPILER_APPICON_NAME = AppIcon;
				ASSETCATALOG_COMPILER_LAUNCHIMAGE_NAME = LaunchImage;
				GCC_PRECOMPILE_PREFIX_HEADER = YES;
				GCC_PREFIX_HEADER = "PickADate/PickADate-Prefix.pch";
				INFOPLIST_FILE = "PickADate/PickADate-Info.plist";
				PRODUCT_NAME = "$(TARGET_NAME)";
				WRAPPER_EXTENSION = app;
			};
			name = Release;
		};
		3FA477BA18758D860097D1A8 /* Debug */ = {
			isa = XCBuildConfiguration;
			buildSettings = {
				ARCHS = "$(ARCHS_STANDARD_INCLUDING_64_BIT)";
				BUNDLE_LOADER = "$(BUILT_PRODUCTS_DIR)/PickADate.app/PickADate";
				FRAMEWORK_SEARCH_PATHS = (
					"$(SDKROOT)/Developer/Library/Frameworks",
					"$(inherited)",
					"$(DEVELOPER_FRAMEWORKS_DIR)",
				);
				GCC_PRECOMPILE_PREFIX_HEADER = YES;
				GCC_PREFIX_HEADER = "PickADate/PickADate-Prefix.pch";
				GCC_PREPROCESSOR_DEFINITIONS = (
					"DEBUG=1",
					"$(inherited)",
				);
				INFOPLIST_FILE = "PickADateTests/PickADateTests-Info.plist";
				PRODUCT_NAME = "$(TARGET_NAME)";
				TEST_HOST = "$(BUNDLE_LOADER)";
				WRAPPER_EXTENSION = xctest;
			};
			name = Debug;
		};
		3FA477BB18758D860097D1A8 /* Release */ = {
			isa = XCBuildConfiguration;
			buildSettings = {
				ARCHS = "$(ARCHS_STANDARD_INCLUDING_64_BIT)";
				BUNDLE_LOADER = "$(BUILT_PRODUCTS_DIR)/PickADate.app/PickADate";
				FRAMEWORK_SEARCH_PATHS = (
					"$(SDKROOT)/Developer/Library/Frameworks",
					"$(inherited)",
					"$(DEVELOPER_FRAMEWORKS_DIR)",
				);
				GCC_PRECOMPILE_PREFIX_HEADER = YES;
				GCC_PREFIX_HEADER = "PickADate/PickADate-Prefix.pch";
				INFOPLIST_FILE = "PickADateTests/PickADateTests-Info.plist";
				PRODUCT_NAME = "$(TARGET_NAME)";
				TEST_HOST = "$(BUNDLE_LOADER)";
				WRAPPER_EXTENSION = xctest;
			};
			name = Release;
		};
/* End XCBuildConfiguration section */

/* Begin XCConfigurationList section */
		3FA4777F18758D860097D1A8 /* Build configuration list for PBXProject "PickADate" */ = {
			isa = XCConfigurationList;
			buildConfigurations = (
				3FA477B418758D860097D1A8 /* Debug */,
				3FA477B518758D860097D1A8 /* Release */,
			);
			defaultConfigurationIsVisible = 0;
			defaultConfigurationName = Release;
		};
		3FA477B618758D860097D1A8 /* Build configuration list for PBXNativeTarget "PickADate" */ = {
			isa = XCConfigurationList;
			buildConfigurations = (
				3FA477B718758D860097D1A8 /* Debug */,
				3FA477B818758D860097D1A8 /* Release */,
			);
			defaultConfigurationIsVisible = 0;
		};
		3FA477B918758D860097D1A8 /* Build configuration list for PBXNativeTarget "PickADateTests" */ = {
			isa = XCConfigurationList;
			buildConfigurations = (
				3FA477BA18758D860097D1A8 /* Debug */,
				3FA477BB18758D860097D1A8 /* Release */,
			);
			defaultConfigurationIsVisible = 0;
		};
/* End XCConfigurationList section */
	};
	rootObject = 3FA4777C18758D860097D1A8 /* Project object */;
}
